
Microsoft Visual Studio Solution File, Format Version 12.00
# Visual Studio Version 16
VisualStudioVersion = 16.0.32602.291
MinimumVisualStudioVersion = 10.0.40219.1
Project("{2150E333-8FDC-42A3-9474-1A3956D46DE8}") = "src", "src", "{D20AEB1F-FE02-45BD-A507-A4F843B688BB}"
EndProject
Project("{2150E333-8FDC-42A3-9474-1A3956D46DE8}") = "Building Blocks", "Building Blocks", "{D46F3C76-C150-4052-A338-A1CE0BB048C3}"
EndProject
Project("{2150E333-8FDC-42A3-9474-1A3956D46DE8}") = "Services", "Services", "{97E3EAE9-36C7-4425-A0B2-DD7D05956AEA}"
EndProject
Project("{2150E333-8FDC-42A3-9474-1A3956D46DE8}") = "Web", "Web", "{B755F9FB-DDDE-4DC3-8B94-1E56AFA9F0E9}"
EndProject
Project("{2150E333-8FDC-42A3-9474-1A3956D46DE8}") = "Identidade", "Identidade", "{4E9BAD8A-520E-4E88-9E47-6933F43AF576}"
EndProject
Project("{FAE04EC0-301F-11D3-BF4B-00C04F79EFBC}") = "MS.Identidade.API", "src\services\MS.Identidade.API\MS.Identidade.API.csproj", "{AEBB9454-BEF6-410D-8D88-B313738534AA}"
EndProject
Project("{2150E333-8FDC-42A3-9474-1A3956D46DE8}") = "MVC", "MVC", "{E9C0B12D-4855-4EBE-8341-B7E2CFD8CA72}"
EndProject
Project("{FAE04EC0-301F-11D3-BF4B-00C04F79EFBC}") = "MS.WebApp.MVC", "src\web\MS.WebApp.MVC\MS.WebApp.MVC.csproj", "{479E6EFF-2CF0-43E7-9264-052678E79455}"
EndProject
Project("{2150E333-8FDC-42A3-9474-1A3956D46DE8}") = "Core", "Core", "{9F9CD333-4337-43CA-9C64-3F56E7A6F812}"
EndProject
Project("{FAE04EC0-301F-11D3-BF4B-00C04F79EFBC}") = "MS.Core", "src\building blocks\MS.Core\MS.Core.csproj", "{13EBBDC5-6B63-4C53-AD26-F88AE2C0B49C}"
EndProject
Project("{FAE04EC0-301F-11D3-BF4B-00C04F79EFBC}") = "MS.Create.API", "src\services\MS.Create.API\MS.Create.API.csproj", "{EED0C565-13F4-4DAE-8F3F-8FA0D0FC0162}"
EndProject
Project("{2150E333-8FDC-42A3-9474-1A3956D46DE8}") = "Create", "Create", "{ADEF65E4-DA42-4AB7-B46C-B6C7200C50A4}"
EndProject
Project("{2150E333-8FDC-42A3-9474-1A3956D46DE8}") = "Consult", "Consult", "{D9FEAC4D-7ED3-4FED-9CE9-AE7D4A5ABDED}"
EndProject
Project("{FAE04EC0-301F-11D3-BF4B-00C04F79EFBC}") = "MS.Consult.API", "src\services\MS.Consult.API\MS.Consult.API.csproj", "{6AE2289D-92A4-4B61-A2D6-E25B796F064D}"
EndProject
Global
	GlobalSection(SolutionConfigurationPlatforms) = preSolution
		Debug|Any CPU = Debug|Any CPU
		Release|Any CPU = Release|Any CPU
	EndGlobalSection
	GlobalSection(ProjectConfigurationPlatforms) = postSolution
		{AEBB9454-BEF6-410D-8D88-B313738534AA}.Debug|Any CPU.ActiveCfg = Debug|Any CPU
		{AEBB9454-BEF6-410D-8D88-B313738534AA}.Debug|Any CPU.Build.0 = Debug|Any CPU
		{AEBB9454-BEF6-410D-8D88-B313738534AA}.Release|Any CPU.ActiveCfg = Release|Any CPU
		{AEBB9454-BEF6-410D-8D88-B313738534AA}.Release|Any CPU.Build.0 = Release|Any CPU
		{479E6EFF-2CF0-43E7-9264-052678E79455}.Debug|Any CPU.ActiveCfg = Debug|Any CPU
		{479E6EFF-2CF0-43E7-9264-052678E79455}.Debug|Any CPU.Build.0 = Debug|Any CPU
		{479E6EFF-2CF0-43E7-9264-052678E79455}.Release|Any CPU.ActiveCfg = Release|Any CPU
		{479E6EFF-2CF0-43E7-9264-052678E79455}.Release|Any CPU.Build.0 = Release|Any CPU
		{13EBBDC5-6B63-4C53-AD26-F88AE2C0B49C}.Debug|Any CPU.ActiveCfg = Debug|Any CPU
		{13EBBDC5-6B63-4C53-AD26-F88AE2C0B49C}.Debug|Any CPU.Build.0 = Debug|Any CPU
		{13EBBDC5-6B63-4C53-AD26-F88AE2C0B49C}.Release|Any CPU.ActiveCfg = Release|Any CPU
		{13EBBDC5-6B63-4C53-AD26-F88AE2C0B49C}.Release|Any CPU.Build.0 = Release|Any CPU
		{EED0C565-13F4-4DAE-8F3F-8FA0D0FC0162}.Debug|Any CPU.ActiveCfg = Debug|Any CPU
		{EED0C565-13F4-4DAE-8F3F-8FA0D0FC0162}.Debug|Any CPU.Build.0 = Debug|Any CPU
		{EED0C565-13F4-4DAE-8F3F-8FA0D0FC0162}.Release|Any CPU.ActiveCfg = Release|Any CPU
		{EED0C565-13F4-4DAE-8F3F-8FA0D0FC0162}.Release|Any CPU.Build.0 = Release|Any CPU
		{6AE2289D-92A4-4B61-A2D6-E25B796F064D}.Debug|Any CPU.ActiveCfg = Debug|Any CPU
		{6AE2289D-92A4-4B61-A2D6-E25B796F064D}.Debug|Any CPU.Build.0 = Debug|Any CPU
		{6AE2289D-92A4-4B61-A2D6-E25B796F064D}.Release|Any CPU.ActiveCfg = Release|Any CPU
		{6AE2289D-92A4-4B61-A2D6-E25B796F064D}.Release|Any CPU.Build.0 = Release|Any CPU
	EndGlobalSection
	GlobalSection(SolutionProperties) = preSolution
		HideSolutionNode = FALSE
	EndGlobalSection
	GlobalSection(NestedProjects) = preSolution
		{D46F3C76-C150-4052-A338-A1CE0BB048C3} = {D20AEB1F-FE02-45BD-A507-A4F843B688BB}
		{97E3EAE9-36C7-4425-A0B2-DD7D05956AEA} = {D20AEB1F-FE02-45BD-A507-A4F843B688BB}
		{B755F9FB-DDDE-4DC3-8B94-1E56AFA9F0E9} = {D20AEB1F-FE02-45BD-A507-A4F843B688BB}
		{4E9BAD8A-520E-4E88-9E47-6933F43AF576} = {97E3EAE9-36C7-4425-A0B2-DD7D05956AEA}
		{AEBB9454-BEF6-410D-8D88-B313738534AA} = {4E9BAD8A-520E-4E88-9E47-6933F43AF576}
		{E9C0B12D-4855-4EBE-8341-B7E2CFD8CA72} = {B755F9FB-DDDE-4DC3-8B94-1E56AFA9F0E9}
		{479E6EFF-2CF0-43E7-9264-052678E79455} = {E9C0B12D-4855-4EBE-8341-B7E2CFD8CA72}
		{9F9CD333-4337-43CA-9C64-3F56E7A6F812} = {D46F3C76-C150-4052-A338-A1CE0BB048C3}
		{13EBBDC5-6B63-4C53-AD26-F88AE2C0B49C} = {9F9CD333-4337-43CA-9C64-3F56E7A6F812}
		{EED0C565-13F4-4DAE-8F3F-8FA0D0FC0162} = {ADEF65E4-DA42-4AB7-B46C-B6C7200C50A4}
		{ADEF65E4-DA42-4AB7-B46C-B6C7200C50A4} = {97E3EAE9-36C7-4425-A0B2-DD7D05956AEA}
		{D9FEAC4D-7ED3-4FED-9CE9-AE7D4A5ABDED} = {97E3EAE9-36C7-4425-A0B2-DD7D05956AEA}
		{6AE2289D-92A4-4B61-A2D6-E25B796F064D} = {D9FEAC4D-7ED3-4FED-9CE9-AE7D4A5ABDED}
	EndGlobalSection
	GlobalSection(ExtensibilityGlobals) = postSolution
		SolutionGuid = {C1A4265B-ABF6-4CE4-A575-28AA06386A82}
	EndGlobalSection
EndGlobal
